
Microsoft Visual Studio Solution File, Format Version 12.00
# Visual Studio Version 17
VisualStudioVersion = 17.2.32526.322
MinimumVisualStudioVersion = 10.0.40219.1
Project("{9A19103F-16F7-4668-BE54-9A1E7A4F7556}") = "notepad_razor", "notepad_razor\notepad_razor.csproj", "{56728EE1-478D-48F2-BCEB-074B7DDC70F1}"
EndProject
Global
	GlobalSection(SolutionConfigurationPlatforms) = preSolution
		Debug|Any CPU = Debug|Any CPU
		Release|Any CPU = Release|Any CPU
	EndGlobalSection
	GlobalSection(ProjectConfigurationPlatforms) = postSolution
		{56728EE1-478D-48F2-BCEB-074B7DDC70F1}.Debug|Any CPU.ActiveCfg = Debug|Any CPU
		{56728EE1-478D-48F2-BCEB-074B7DDC70F1}.Debug|Any CPU.Build.0 = Debug|Any CPU
		{56728EE1-478D-48F2-BCEB-074B7DDC70F1}.Release|Any CPU.ActiveCfg = Release|Any CPU
		{56728EE1-478D-48F2-BCEB-074B7DDC70F1}.Release|Any CPU.Build.0 = Release|Any CPU
	EndGlobalSection
	GlobalSection(SolutionProperties) = preSolution
		HideSolutionNode = FALSE
	EndGlobalSection
	GlobalSection(ExtensibilityGlobals) = postSolution
		SolutionGuid = {6629BA83-480A-4C21-A1D3-9481DBDC4806}
	EndGlobalSection
EndGlobal
